
Microsoft Visual Studio Solution File, Format Version 12.00
# Visual Studio Version 17
VisualStudioVersion = 17.0.32112.339
MinimumVisualStudioVersion = 10.0.40219.1
Project("{FAE04EC0-301F-11D3-BF4B-00C04F79EFBC}") = "CourseProj", "CourseProj\CourseProj.csproj", "{546FBB06-B5CA-43AC-9129-4DEB251D50BA}"
EndProject
Global
	GlobalSection(SolutionConfigurationPlatforms) = preSolution
		Debug|Any CPU = Debug|Any CPU
		Release|Any CPU = Release|Any CPU
	EndGlobalSection
	GlobalSection(ProjectConfigurationPlatforms) = postSolution
		{546FBB06-B5CA-43AC-9129-4DEB251D50BA}.Debug|Any CPU.ActiveCfg = Debug|Any CPU
		{546FBB06-B5CA-43AC-9129-4DEB251D50BA}.Debug|Any CPU.Build.0 = Debug|Any CPU
		{546FBB06-B5CA-43AC-9129-4DEB251D50BA}.Release|Any CPU.ActiveCfg = Release|Any CPU
		{546FBB06-B5CA-43AC-9129-4DEB251D50BA}.Release|Any CPU.Build.0 = Release|Any CPU
	EndGlobalSection
	GlobalSection(SolutionProperties) = preSolution
		HideSolutionNode = FALSE
	EndGlobalSection
	GlobalSection(ExtensibilityGlobals) = postSolution
		SolutionGuid = {446D1274-F206-4BF1-96FE-267E930CFAB5}
	EndGlobalSection
EndGlobal
